
Microsoft Visual Studio Solution File, Format Version 12.00
Project("{FAE04EC0-301F-11D3-BF4B-00C04F79EFBC}") = "UrlShortener.Api", "UrlShortener.Api\UrlShortener.Api.csproj", "{1E7BD603-3545-4463-88CD-A04FC2D7C18C}"
EndProject
Project("{FAE04EC0-301F-11D3-BF4B-00C04F79EFBC}") = "UrlShortener.Data", "UrlShortener.Data\UrlShortener.Data.csproj", "{7134FF3A-8CF2-4D02-A0D1-04BB3878E70D}"
EndProject
Project("{FAE04EC0-301F-11D3-BF4B-00C04F79EFBC}") = "UrlShortener.Services", "UrlShortener.Services\UrlShortener.Services.csproj", "{5D9D1F79-987C-4192-B41A-A2385B07A403}"
EndProject
Global
	GlobalSection(SolutionConfigurationPlatforms) = preSolution
		Debug|Any CPU = Debug|Any CPU
		Release|Any CPU = Release|Any CPU
	EndGlobalSection
	GlobalSection(ProjectConfigurationPlatforms) = postSolution
		{1E7BD603-3545-4463-88CD-A04FC2D7C18C}.Debug|Any CPU.ActiveCfg = Debug|Any CPU
		{1E7BD603-3545-4463-88CD-A04FC2D7C18C}.Debug|Any CPU.Build.0 = Debug|Any CPU
		{1E7BD603-3545-4463-88CD-A04FC2D7C18C}.Release|Any CPU.ActiveCfg = Release|Any CPU
		{1E7BD603-3545-4463-88CD-A04FC2D7C18C}.Release|Any CPU.Build.0 = Release|Any CPU
		{7134FF3A-8CF2-4D02-A0D1-04BB3878E70D}.Debug|Any CPU.ActiveCfg = Debug|Any CPU
		{7134FF3A-8CF2-4D02-A0D1-04BB3878E70D}.Debug|Any CPU.Build.0 = Debug|Any CPU
		{7134FF3A-8CF2-4D02-A0D1-04BB3878E70D}.Release|Any CPU.ActiveCfg = Release|Any CPU
		{7134FF3A-8CF2-4D02-A0D1-04BB3878E70D}.Release|Any CPU.Build.0 = Release|Any CPU
		{5D9D1F79-987C-4192-B41A-A2385B07A403}.Debug|Any CPU.ActiveCfg = Debug|Any CPU
		{5D9D1F79-987C-4192-B41A-A2385B07A403}.Debug|Any CPU.Build.0 = Debug|Any CPU
		{5D9D1F79-987C-4192-B41A-A2385B07A403}.Release|Any CPU.ActiveCfg = Release|Any CPU
		{5D9D1F79-987C-4192-B41A-A2385B07A403}.Release|Any CPU.Build.0 = Release|Any CPU
	EndGlobalSection
EndGlobal
